# This file is autogenerated, do not edit; changes may be undone by the next 'dep ensure'.


[[projects]]
  name = "gopkg.in/ini.v1"
  packages = ["."]
  revision = "ffaaebdac6e54ce73b4e196b8406920921304ec9"
  version = "v1.39.2"

[solve-meta]
  analyzer-name = "dep"
  analyzer-version = 1
  inputs-digest = "fb7c6b69fa9de312140e45909734d3cbb225e20d9407b5f712224d97332612b6"
  solver-name = "gps-cdcl"
  solver-version = 1
